
Microsoft Visual Studio Solution File, Format Version 12.00
# Visual Studio 15
VisualStudioVersion = 15.0.27703.2035
MinimumVisualStudioVersion = 10.0.40219.1
Project("{FAE04EC0-301F-11D3-BF4B-00C04F79EFBC}") = "SPC_Coopenae.UI", "SPC_Coopenae.UI\SPC_Coopenae.UI.csproj", "{CCA8791B-2C9C-4CE6-8C8C-C6D061E32C0F}"
EndProject
Global
	GlobalSection(SolutionConfigurationPlatforms) = preSolution
		Debug|Any CPU = Debug|Any CPU
		Release|Any CPU = Release|Any CPU
	EndGlobalSection
	GlobalSection(ProjectConfigurationPlatforms) = postSolution
		{CCA8791B-2C9C-4CE6-8C8C-C6D061E32C0F}.Debug|Any CPU.ActiveCfg = Debug|Any CPU
		{CCA8791B-2C9C-4CE6-8C8C-C6D061E32C0F}.Debug|Any CPU.Build.0 = Debug|Any CPU
		{CCA8791B-2C9C-4CE6-8C8C-C6D061E32C0F}.Release|Any CPU.ActiveCfg = Release|Any CPU
		{CCA8791B-2C9C-4CE6-8C8C-C6D061E32C0F}.Release|Any CPU.Build.0 = Release|Any CPU
	EndGlobalSection
	GlobalSection(SolutionProperties) = preSolution
		HideSolutionNode = FALSE
	EndGlobalSection
	GlobalSection(ExtensibilityGlobals) = postSolution
		SolutionGuid = {193ED53A-8A53-4A8E-803B-1D3F1A2F612C}
	EndGlobalSection
EndGlobal
